// !$*UTF8*$!
{
	archiveVersion = 1;
	classes = {
	};
	objectVersion = 51;
	objects = {

/* Begin PBXBuildFile section */
		23D53755C838BE67560BB05A /* Pods_projrct.framework in Frameworks */ = {isa = PBXBuildFile; fileRef = 42A889D8809699DFDB60BAE4 /* Pods_projrct.framework */; };
		3513E5E028A3C71F00FE0F84 /* CustomTabBarController.swift in Sources */ = {isa = PBXBuildFile; fileRef = 3513E5DF28A3C71F00FE0F84 /* CustomTabBarController.swift */; };
		3513E5E228A3CFF000FE0F84 /* MyFirstTableViewCell.swift in Sources */ = {isa = PBXBuildFile; fileRef = 3513E5E128A3CFF000FE0F84 /* MyFirstTableViewCell.swift */; };
		3513E5E428A3D10D00FE0F84 /* AccountViewController.swift in Sources */ = {isa = PBXBuildFile; fileRef = 3513E5E328A3D10D00FE0F84 /* AccountViewController.swift */; };
		3513E5E628A3D24A00FE0F84 /* AccountData.swift in Sources */ = {isa = PBXBuildFile; fileRef = 3513E5E528A3D24A00FE0F84 /* AccountData.swift */; };
		3513E5E828A51EEA00FE0F84 /* ProfileViewController.swift in Sources */ = {isa = PBXBuildFile; fileRef = 3513E5E728A51EEA00FE0F84 /* ProfileViewController.swift */; };
		3513E5EA28A51F0200FE0F84 /* MyOrdersViewController.swift in Sources */ = {isa = PBXBuildFile; fileRef = 3513E5E928A51F0200FE0F84 /* MyOrdersViewController.swift */; };
		3513E5EC28A51F1600FE0F84 /* DiscountViewController.swift in Sources */ = {isa = PBXBuildFile; fileRef = 3513E5EB28A51F1600FE0F84 /* DiscountViewController.swift */; };
		35258D20289AAA6F0016D7D5 /* PerfumeData.swift in Sources */ = {isa = PBXBuildFile; fileRef = 35258D1F289AAA6F0016D7D5 /* PerfumeData.swift */; };
		356A512D28929C2E007D769F /* AppDelegate.swift in Sources */ = {isa = PBXBuildFile; fileRef = 356A512C28929C2E007D769F /* AppDelegate.swift */; };
		356A512F28929C2E007D769F /* SceneDelegate.swift in Sources */ = {isa = PBXBuildFile; fileRef = 356A512E28929C2E007D769F /* SceneDelegate.swift */; };
		356A513128929C2E007D769F /* ViewController.swift in Sources */ = {isa = PBXBuildFile; fileRef = 356A513028929C2E007D769F /* ViewController.swift */; };
		356A513428929C2E007D769F /* Main.storyboard in Resources */ = {isa = PBXBuildFile; fileRef = 356A513228929C2E007D769F /* Main.storyboard */; };
		356A513628929C30007D769F /* Assets.xcassets in Resources */ = {isa = PBXBuildFile; fileRef = 356A513528929C30007D769F /* Assets.xcassets */; };
		356A513928929C30007D769F /* LaunchScreen.storyboard in Resources */ = {isa = PBXBuildFile; fileRef = 356A513728929C30007D769F /* LaunchScreen.storyboard */; };
		356A514328929CCA007D769F /* LogInViewController.swift in Sources */ = {isa = PBXBuildFile; fileRef = 356A514228929CCA007D769F /* LogInViewController.swift */; };
		356A514528929CE7007D769F /* HomeViewController.swift in Sources */ = {isa = PBXBuildFile; fileRef = 356A514428929CE7007D769F /* HomeViewController.swift */; };
		356A51482892A2CC007D769F /* SignUpViewController.swift in Sources */ = {isa = PBXBuildFile; fileRef = 356A51472892A2CC007D769F /* SignUpViewController.swift */; };
		3588E2E428B6492D005D2413 /* CheckOutViewController.swift in Sources */ = {isa = PBXBuildFile; fileRef = 3588E2E328B6492D005D2413 /* CheckOutViewController.swift */; };
		358D192928B4E6F200581BFD /* CartTableViewCell.swift in Sources */ = {isa = PBXBuildFile; fileRef = 358D192828B4E6F200581BFD /* CartTableViewCell.swift */; };
		358D192B28B4E7AF00581BFD /* CartData.swift in Sources */ = {isa = PBXBuildFile; fileRef = 358D192A28B4E7AF00581BFD /* CartData.swift */; };
		358D192D28B4E9E200581BFD /* CartViewController.swift in Sources */ = {isa = PBXBuildFile; fileRef = 358D192C28B4E9E200581BFD /* CartViewController.swift */; };
		358D2BD5289A97380034334C /* ResetViewController.swift in Sources */ = {isa = PBXBuildFile; fileRef = 358D2BD4289A97380034334C /* ResetViewController.swift */; };
		358D2BD9289AA7430034334C /* MyCollectionViewCell.swift in Sources */ = {isa = PBXBuildFile; fileRef = 358D2BD8289AA7430034334C /* MyCollectionViewCell.swift */; };
		35E966FB28AD0824002CA61E /* DetailsViewController.swift in Sources */ = {isa = PBXBuildFile; fileRef = 35E966FA28AD0824002CA61E /* DetailsViewController.swift */; };
		35F488A92892BA21001BBA37 /* Utilities.swift in Sources */ = {isa = PBXBuildFile; fileRef = 35F488A82892BA21001BBA37 /* Utilities.swift */; };
		35FCAADE289BDF74009004D3 /* Constants.swift in Sources */ = {isa = PBXBuildFile; fileRef = 35FCAADD289BDF74009004D3 /* Constants.swift */; };
		35FCAAE2289C06BD009004D3 /* GoogleService-Info.plist in Resources */ = {isa = PBXBuildFile; fileRef = 35FCAAE1289C06BD009004D3 /* GoogleService-Info.plist */; };
/* End PBXBuildFile section */

/* Begin PBXFileReference section */
		3513E5DF28A3C71F00FE0F84 /* CustomTabBarController.swift */ = {isa = PBXFileReference; lastKnownFileType = sourcecode.swift; path = CustomTabBarController.swift; sourceTree = "<group>"; };
		3513E5E128A3CFF000FE0F84 /* MyFirstTableViewCell.swift */ = {isa = PBXFileReference; lastKnownFileType = sourcecode.swift; path = MyFirstTableViewCell.swift; sourceTree = "<group>"; };
		3513E5E328A3D10D00FE0F84 /* AccountViewController.swift */ = {isa = PBXFileReference; lastKnownFileType = sourcecode.swift; path = AccountViewController.swift; sourceTree = "<group>"; };
		3513E5E528A3D24A00FE0F84 /* AccountData.swift */ = {isa = PBXFileReference; lastKnownFileType = sourcecode.swift; path = AccountData.swift; sourceTree = "<group>"; };
		3513E5E728A51EEA00FE0F84 /* ProfileViewController.swift */ = {isa = PBXFileReference; lastKnownFileType = sourcecode.swift; path = ProfileViewController.swift; sourceTree = "<group>"; };
		3513E5E928A51F0200FE0F84 /* MyOrdersViewController.swift */ = {isa = PBXFileReference; lastKnownFileType = sourcecode.swift; path = MyOrdersViewController.swift; sourceTree = "<group>"; };
		3513E5EB28A51F1600FE0F84 /* DiscountViewController.swift */ = {isa = PBXFileReference; lastKnownFileType = sourcecode.swift; path = DiscountViewController.swift; sourceTree = "<group>"; };
		35258D1F289AAA6F0016D7D5 /* PerfumeData.swift */ = {isa = PBXFileReference; lastKnownFileType = sourcecode.swift; path = PerfumeData.swift; sourceTree = "<group>"; };
		356A512928929C2E007D769F /* projrct.app */ = {isa = PBXFileReference; explicitFileType = wrapper.application; includeInIndex = 0; path = projrct.app; sourceTree = BUILT_PRODUCTS_DIR; };
		356A512C28929C2E007D769F /* AppDelegate.swift */ = {isa = PBXFileReference; lastKnownFileType = sourcecode.swift; path = AppDelegate.swift; sourceTree = "<group>"; };
		356A512E28929C2E007D769F /* SceneDelegate.swift */ = {isa = PBXFileReference; lastKnownFileType = sourcecode.swift; path = SceneDelegate.swift; sourceTree = "<group>"; };
		356A513028929C2E007D769F /* ViewController.swift */ = {isa = PBXFileReference; lastKnownFileType = sourcecode.swift; name = ViewController.swift; path = ViewControllers/ViewController.swift; sourceTree = "<group>"; };
		356A513328929C2E007D769F /* Base */ = {isa = PBXFileReference; lastKnownFileType = file.storyboard; name = Base; path = Base.lproj/Main.storyboard; sourceTree = "<group>"; };
		356A513528929C30007D769F /* Assets.xcassets */ = {isa = PBXFileReference; lastKnownFileType = folder.assetcatalog; path = Assets.xcassets; sourceTree = "<group>"; };
		356A513828929C30007D769F /* Base */ = {isa = PBXFileReference; lastKnownFileType = file.storyboard; name = Base; path = Base.lproj/LaunchScreen.storyboard; sourceTree = "<group>"; };
		356A513A28929C30007D769F /* Info.plist */ = {isa = PBXFileReference; lastKnownFileType = text.plist.xml; path = Info.plist; sourceTree = "<group>"; };
		356A514228929CCA007D769F /* LogInViewController.swift */ = {isa = PBXFileReference; lastKnownFileType = sourcecode.swift; name = LogInViewController.swift; path = ViewControllers/LogInViewController.swift; sourceTree = "<group>"; };
		356A514428929CE7007D769F /* HomeViewController.swift */ = {isa = PBXFileReference; lastKnownFileType = sourcecode.swift; name = HomeViewController.swift; path = ViewControllers/HomeViewController.swift; sourceTree = "<group>"; };
		356A51472892A2CC007D769F /* SignUpViewController.swift */ = {isa = PBXFileReference; lastKnownFileType = sourcecode.swift; name = SignUpViewController.swift; path = ViewControllers/SignUpViewController.swift; sourceTree = "<group>"; };
		3588E2E328B6492D005D2413 /* CheckOutViewController.swift */ = {isa = PBXFileReference; lastKnownFileType = sourcecode.swift; path = CheckOutViewController.swift; sourceTree = "<group>"; };
		358D192828B4E6F200581BFD /* CartTableViewCell.swift */ = {isa = PBXFileReference; lastKnownFileType = sourcecode.swift; path = CartTableViewCell.swift; sourceTree = "<group>"; };
		358D192A28B4E7AF00581BFD /* CartData.swift */ = {isa = PBXFileReference; lastKnownFileType = sourcecode.swift; path = CartData.swift; sourceTree = "<group>"; };
		358D192C28B4E9E200581BFD /* CartViewController.swift */ = {isa = PBXFileReference; lastKnownFileType = sourcecode.swift; path = CartViewController.swift; sourceTree = "<group>"; };
		358D2BD4289A97380034334C /* ResetViewController.swift */ = {isa = PBXFileReference; lastKnownFileType = sourcecode.swift; path = ResetViewController.swift; sourceTree = "<group>"; };
		358D2BD8289AA7430034334C /* MyCollectionViewCell.swift */ = {isa = PBXFileReference; lastKnownFileType = sourcecode.swift; path = MyCollectionViewCell.swift; sourceTree = "<group>"; };
		35E29F9D28C13882007FA255 /* projrct.entitlements */ = {isa = PBXFileReference; lastKnownFileType = text.plist.entitlements; path = projrct.entitlements; sourceTree = "<group>"; };
		35E966FA28AD0824002CA61E /* DetailsViewController.swift */ = {isa = PBXFileReference; lastKnownFileType = sourcecode.swift; path = DetailsViewController.swift; sourceTree = "<group>"; };
		35F488A82892BA21001BBA37 /* Utilities.swift */ = {isa = PBXFileReference; lastKnownFileType = sourcecode.swift; path = Utilities.swift; sourceTree = "<group>"; };
		35FCAADD289BDF74009004D3 /* Constants.swift */ = {isa = PBXFileReference; fileEncoding = 4; lastKnownFileType = sourcecode.swift; path = Constants.swift; sourceTree = "<group>"; };
		35FCAAE1289C06BD009004D3 /* GoogleService-Info.plist */ = {isa = PBXFileReference; fileEncoding = 4; lastKnownFileType = text.plist.xml; name = "GoogleService-Info.plist"; path = "../../../Downloads/GoogleService-Info.plist"; sourceTree = "<group>"; };
		42A889D8809699DFDB60BAE4 /* Pods_projrct.framework */ = {isa = PBXFileReference; explicitFileType = wrapper.framework; includeInIndex = 0; path = Pods_projrct.framework; sourceTree = BUILT_PRODUCTS_DIR; };
		686FE049476773AA9E2B68C8 /* Pods-projrct.debug.xcconfig */ = {isa = PBXFileReference; includeInIndex = 1; lastKnownFileType = text.xcconfig; name = "Pods-projrct.debug.xcconfig"; path = "Target Support Files/Pods-projrct/Pods-projrct.debug.xcconfig"; sourceTree = "<group>"; };
		6C2702538E6B5480BC73A89A /* Pods-projrct.release.xcconfig */ = {isa = PBXFileReference; includeInIndex = 1; lastKnownFileType = text.xcconfig; name = "Pods-projrct.release.xcconfig"; path = "Target Support Files/Pods-projrct/Pods-projrct.release.xcconfig"; sourceTree = "<group>"; };
/* End PBXFileReference section */

/* Begin PBXFrameworksBuildPhase section */
		356A512628929C2E007D769F /* Frameworks */ = {
			isa = PBXFrameworksBuildPhase;
			buildActionMask = 2147483647;
			files = (
				23D53755C838BE67560BB05A /* Pods_projrct.framework in Frameworks */,
			);
			runOnlyForDeploymentPostprocessing = 0;
		};
/* End PBXFrameworksBuildPhase section */

/* Begin PBXGroup section */
		356A512028929C2E007D769F = {
			isa = PBXGroup;
			children = (
				356A512B28929C2E007D769F /* projrct */,
				356A512A28929C2E007D769F /* Products */,
				7B9467D281CA245F7DFC3A34 /* Pods */,
				E725C703DDC43547023863D8 /* Frameworks */,
			);
			sourceTree = "<group>";
		};
		356A512A28929C2E007D769F /* Products */ = {
			isa = PBXGroup;
			children = (
				356A512928929C2E007D769F /* projrct.app */,
			);
			name = Products;
			sourceTree = "<group>";
		};
		356A512B28929C2E007D769F /* projrct */ = {
			isa = PBXGroup;
			children = (
				35E29F9D28C13882007FA255 /* projrct.entitlements */,
				356A512C28929C2E007D769F /* AppDelegate.swift */,
				356A512E28929C2E007D769F /* SceneDelegate.swift */,
				35F488A82892BA21001BBA37 /* Utilities.swift */,
				35FCAADD289BDF74009004D3 /* Constants.swift */,
				356A513228929C2E007D769F /* Main.storyboard */,
				356A513028929C2E007D769F /* ViewController.swift */,
				356A514228929CCA007D769F /* LogInViewController.swift */,
				356A51472892A2CC007D769F /* SignUpViewController.swift */,
				356A514428929CE7007D769F /* HomeViewController.swift */,
				356A513528929C30007D769F /* Assets.xcassets */,
				356A513728929C30007D769F /* LaunchScreen.storyboard */,
				356A513A28929C30007D769F /* Info.plist */,
				35FCAAE1289C06BD009004D3 /* GoogleService-Info.plist */,
				358D2BD4289A97380034334C /* ResetViewController.swift */,
				358D2BD8289AA7430034334C /* MyCollectionViewCell.swift */,
				35258D1F289AAA6F0016D7D5 /* PerfumeData.swift */,
				3513E5DF28A3C71F00FE0F84 /* CustomTabBarController.swift */,
				3513E5E128A3CFF000FE0F84 /* MyFirstTableViewCell.swift */,
				3513E5E328A3D10D00FE0F84 /* AccountViewController.swift */,
				3513E5E528A3D24A00FE0F84 /* AccountData.swift */,
				3513E5E728A51EEA00FE0F84 /* ProfileViewController.swift */,
				3513E5E928A51F0200FE0F84 /* MyOrdersViewController.swift */,
				3513E5EB28A51F1600FE0F84 /* DiscountViewController.swift */,
				35E966FA28AD0824002CA61E /* DetailsViewController.swift */,
				358D192828B4E6F200581BFD /* CartTableViewCell.swift */,
				358D192A28B4E7AF00581BFD /* CartData.swift */,
				358D192C28B4E9E200581BFD /* CartViewController.swift */,
				3588E2E328B6492D005D2413 /* CheckOutViewController.swift */,
			);
			path = projrct;
			sourceTree = "<group>";
		};
		7B9467D281CA245F7DFC3A34 /* Pods */ = {
			isa = PBXGroup;
			children = (
				686FE049476773AA9E2B68C8 /* Pods-projrct.debug.xcconfig */,
				6C2702538E6B5480BC73A89A /* Pods-projrct.release.xcconfig */,
			);
			path = Pods;
			sourceTree = "<group>";
		};
		E725C703DDC43547023863D8 /* Frameworks */ = {
			isa = PBXGroup;
			children = (
				42A889D8809699DFDB60BAE4 /* Pods_projrct.framework */,
			);
			name = Frameworks;
			sourceTree = "<group>";
		};
/* End PBXGroup section */

/* Begin PBXNativeTarget section */
		356A512828929C2E007D769F /* projrct */ = {
			isa = PBXNativeTarget;
			buildConfigurationList = 356A513D28929C30007D769F /* Build configuration list for PBXNativeTarget "projrct" */;
			buildPhases = (
				7142F4618EA3605BC2F86A03 /* [CP] Check Pods Manifest.lock */,
				356A512528929C2E007D769F /* Sources */,
				356A512628929C2E007D769F /* Frameworks */,
				356A512728929C2E007D769F /* Resources */,
				028183468A6A65530177A249 /* [CP] Embed Pods Frameworks */,
			);
			buildRules = (
			);
			dependencies = (
			);
			name = projrct;
			productName = projrct;
			productReference = 356A512928929C2E007D769F /* projrct.app */;
			productType = "com.apple.product-type.application";
		};
/* End PBXNativeTarget section */

/* Begin PBXProject section */
		356A512128929C2E007D769F /* Project object */ = {
			isa = PBXProject;
			attributes = {
				LastSwiftUpdateCheck = 1140;
				LastUpgradeCheck = 1140;
				ORGANIZATIONNAME = htu;
				TargetAttributes = {
					356A512828929C2E007D769F = {
						CreatedOnToolsVersion = 11.4.1;
					};
				};
			};
			buildConfigurationList = 356A512428929C2E007D769F /* Build configuration list for PBXProject "projrct" */;
			compatibilityVersion = "Xcode 9.3";
			developmentRegion = en;
			hasScannedForEncodings = 0;
			knownRegions = (
				en,
				Base,
			);
			mainGroup = 356A512028929C2E007D769F;
			productRefGroup = 356A512A28929C2E007D769F /* Products */;
			projectDirPath = "";
			projectRoot = "";
			targets = (
				356A512828929C2E007D769F /* projrct */,
			);
		};
/* End PBXProject section */

/* Begin PBXResourcesBuildPhase section */
		356A512728929C2E007D769F /* Resources */ = {
			isa = PBXResourcesBuildPhase;
			buildActionMask = 2147483647;
			files = (
				356A513928929C30007D769F /* LaunchScreen.storyboard in Resources */,
				35FCAAE2289C06BD009004D3 /* GoogleService-Info.plist in Resources */,
				356A513628929C30007D769F /* Assets.xcassets in Resources */,
				356A513428929C2E007D769F /* Main.storyboard in Resources */,
			);
			runOnlyForDeploymentPostprocessing = 0;
		};
/* End PBXResourcesBuildPhase section */

/* Begin PBXShellScriptBuildPhase section */
		028183468A6A65530177A249 /* [CP] Embed Pods Frameworks */ = {
			isa = PBXShellScriptBuildPhase;
			buildActionMask = 2147483647;
			files = (
			);
			inputFileListPaths = (
				"${PODS_ROOT}/Target Support Files/Pods-projrct/Pods-projrct-frameworks-${CONFIGURATION}-input-files.xcfilelist",
			);
			name = "[CP] Embed Pods Frameworks";
			outputFileListPaths = (
				"${PODS_ROOT}/Target Support Files/Pods-projrct/Pods-projrct-frameworks-${CONFIGURATION}-output-files.xcfilelist",
			);
			runOnlyForDeploymentPostprocessing = 0;
			shellPath = /bin/sh;
			shellScript = "\"${PODS_ROOT}/Target Support Files/Pods-projrct/Pods-projrct-frameworks.sh\"\n";
			showEnvVarsInLog = 0;
		};
		7142F4618EA3605BC2F86A03 /* [CP] Check Pods Manifest.lock */ = {
			isa = PBXShellScriptBuildPhase;
			buildActionMask = 2147483647;
			files = (
			);
			inputFileListPaths = (
			);
			inputPaths = (
				"${PODS_PODFILE_DIR_PATH}/Podfile.lock",
				"${PODS_ROOT}/Manifest.lock",
			);
			name = "[CP] Check Pods Manifest.lock";
			outputFileListPaths = (
			);
			outputPaths = (
				"$(DERIVED_FILE_DIR)/Pods-projrct-checkManifestLockResult.txt",
			);
			runOnlyForDeploymentPostprocessing = 0;
			shellPath = /bin/sh;
			shellScript = "diff \"${PODS_PODFILE_DIR_PATH}/Podfile.lock\" \"${PODS_ROOT}/Manifest.lock\" > /dev/null\nif [ $? != 0 ] ; then\n    # print error to STDERR\n    echo \"error: The sandbox is not in sync with the Podfile.lock. Run 'pod install' or update your CocoaPods installation.\" >&2\n    exit 1\nfi\n# This output is used by Xcode 'outputs' to avoid re-running this script phase.\necho \"SUCCESS\" > \"${SCRIPT_OUTPUT_FILE_0}\"\n";
			showEnvVarsInLog = 0;
		};
/* End PBXShellScriptBuildPhase section */

/* Begin PBXSourcesBuildPhase section */
		356A512528929C2E007D769F /* Sources */ = {
			isa = PBXSourcesBuildPhase;
			buildActionMask = 2147483647;
			files = (
				356A51482892A2CC007D769F /* SignUpViewController.swift in Sources */,
				35FCAADE289BDF74009004D3 /* Constants.swift in Sources */,
				3513E5E428A3D10D00FE0F84 /* AccountViewController.swift in Sources */,
				3513E5E028A3C71F00FE0F84 /* CustomTabBarController.swift in Sources */,
				356A513128929C2E007D769F /* ViewController.swift in Sources */,
				35258D20289AAA6F0016D7D5 /* PerfumeData.swift in Sources */,
				3513E5E828A51EEA00FE0F84 /* ProfileViewController.swift in Sources */,
				358D192928B4E6F200581BFD /* CartTableViewCell.swift in Sources */,
				3513E5EC28A51F1600FE0F84 /* DiscountViewController.swift in Sources */,
				358D2BD9289AA7430034334C /* MyCollectionViewCell.swift in Sources */,
				35F488A92892BA21001BBA37 /* Utilities.swift in Sources */,
				358D192B28B4E7AF00581BFD /* CartData.swift in Sources */,
				3513E5E228A3CFF000FE0F84 /* MyFirstTableViewCell.swift in Sources */,
				356A512D28929C2E007D769F /* AppDelegate.swift in Sources */,
				3513E5EA28A51F0200FE0F84 /* MyOrdersViewController.swift in Sources */,
				35E966FB28AD0824002CA61E /* DetailsViewController.swift in Sources */,
				3513E5E628A3D24A00FE0F84 /* AccountData.swift in Sources */,
				3588E2E428B6492D005D2413 /* CheckOutViewController.swift in Sources */,
				356A514328929CCA007D769F /* LogInViewController.swift in Sources */,
				358D192D28B4E9E200581BFD /* CartViewController.swift in Sources */,
				356A512F28929C2E007D769F /* SceneDelegate.swift in Sources */,
				358D2BD5289A97380034334C /* ResetViewController.swift in Sources */,
				356A514528929CE7007D769F /* HomeViewController.swift in Sources */,
			);
			runOnlyForDeploymentPostprocessing = 0;
		};
/* End PBXSourcesBuildPhase section */

/* Begin PBXVariantGroup section */
		356A513228929C2E007D769F /* Main.storyboard */ = {
			isa = PBXVariantGroup;
			children = (
				356A513328929C2E007D769F /* Base */,
			);
			name = Main.storyboard;
			sourceTree = "<group>";
		};
		356A513728929C30007D769F /* LaunchScreen.storyboard */ = {
			isa = PBXVariantGroup;
			children = (
				356A513828929C30007D769F /* Base */,
			);
			name = LaunchScreen.storyboard;
			sourceTree = "<group>";
		};
/* End PBXVariantGroup section */

/* Begin XCBuildConfiguration section */
		356A513B28929C30007D769F /* Debug */ = {
			isa = XCBuildConfiguration;
			buildSettings = {
				ALWAYS_SEARCH_USER_PATHS = NO;
				CLANG_ANALYZER_NONNULL = YES;
				CLANG_ANALYZER_NUMBER_OBJECT_CONVERSION = YES_AGGRESSIVE;
				CLANG_CXX_LANGUAGE_STANDARD = "gnu++14";
				CLANG_CXX_LIBRARY = "libc++";
				CLANG_ENABLE_MODULES = YES;
				CLANG_ENABLE_OBJC_ARC = YES;
				CLANG_ENABLE_OBJC_WEAK = YES;
				CLANG_WARN_BLOCK_CAPTURE_AUTORELEASING = YES;
				CLANG_WARN_BOOL_CONVERSION = YES;
				CLANG_WARN_COMMA = YES;
				CLANG_WARN_CONSTANT_CONVERSION = YES;
				CLANG_WARN_DEPRECATED_OBJC_IMPLEMENTATIONS = YES;
				CLANG_WARN_DIRECT_OBJC_ISA_USAGE = YES_ERROR;
				CLANG_WARN_DOCUMENTATION_COMMENTS = YES;
				CLANG_WARN_EMPTY_BODY = YES;
				CLANG_WARN_ENUM_CONVERSION = YES;
				CLANG_WARN_INFINITE_RECURSION = YES;
				CLANG_WARN_INT_CONVERSION = YES;
				CLANG_WARN_NON_LITERAL_NULL_CONVERSION = YES;
				CLANG_WARN_OBJC_IMPLICIT_RETAIN_SELF = YES;
				CLANG_WARN_OBJC_LITERAL_CONVERSION = YES;
				CLANG_WARN_OBJC_ROOT_CLASS = YES_ERROR;
				CLANG_WARN_RANGE_LOOP_ANALYSIS = YES;
				CLANG_WARN_STRICT_PROTOTYPES = YES;
				CLANG_WARN_SUSPICIOUS_MOVE = YES;
				CLANG_WARN_UNGUARDED_AVAILABILITY = YES_AGGRESSIVE;
				CLANG_WARN_UNREACHABLE_CODE = YES;
				CLANG_WARN__DUPLICATE_METHOD_MATCH = YES;
				COPY_PHASE_STRIP = NO;
				DEBUG_INFORMATION_FORMAT = dwarf;
				ENABLE_STRICT_OBJC_MSGSEND = YES;
				ENABLE_TESTABILITY = YES;
				GCC_C_LANGUAGE_STANDARD = gnu11;
				GCC_DYNAMIC_NO_PIC = NO;
				GCC_NO_COMMON_BLOCKS = YES;
				GCC_OPTIMIZATION_LEVEL = 0;
				GCC_PREPROCESSOR_DEFINITIONS = (
					"DEBUG=1",
					"$(inherited)",
				);
				GCC_WARN_64_TO_32_BIT_CONVERSION = YES;
				GCC_WARN_ABOUT_RETURN_TYPE = YES_ERROR;
				GCC_WARN_UNDECLARED_SELECTOR = YES;
				GCC_WARN_UNINITIALIZED_AUTOS = YES_AGGRESSIVE;
				GCC_WARN_UNUSED_FUNCTION = YES;
				GCC_WARN_UNUSED_VARIABLE = YES;
				IPHONEOS_DEPLOYMENT_TARGET = 13.4;
				MTL_ENABLE_DEBUG_INFO = INCLUDE_SOURCE;
				MTL_FAST_MATH = YES;
				ONLY_ACTIVE_ARCH = YES;
				SDKROOT = iphoneos;
				SWIFT_ACTIVE_COMPILATION_CONDITIONS = DEBUG;
				SWIFT_OPTIMIZATION_LEVEL = "-Onone";
			};
			name = Debug;
		};
		356A513C28929C30007D769F /* Release */ = {
			isa = XCBuildConfiguration;
			buildSettings = {
				ALWAYS_SEARCH_USER_PATHS = NO;
				CLANG_ANALYZER_NONNULL = YES;
				CLANG_ANALYZER_NUMBER_OBJECT_CONVERSION = YES_AGGRESSIVE;
				CLANG_CXX_LANGUAGE_STANDARD = "gnu++14";
				CLANG_CXX_LIBRARY = "libc++";
				CLANG_ENABLE_MODULES = YES;
				CLANG_ENABLE_OBJC_ARC = YES;
				CLANG_ENABLE_OBJC_WEAK = YES;
				CLANG_WARN_BLOCK_CAPTURE_AUTORELEASING = YES;
				CLANG_WARN_BOOL_CONVERSION = YES;
				CLANG_WARN_COMMA = YES;
				CLANG_WARN_CONSTANT_CONVERSION = YES;
				CLANG_WARN_DEPRECATED_OBJC_IMPLEMENTATIONS = YES;
				CLANG_WARN_DIRECT_OBJC_ISA_USAGE = YES_ERROR;
				CLANG_WARN_DOCUMENTATION_COMMENTS = YES;
				CLANG_WARN_EMPTY_BODY = YES;
				CLANG_WARN_ENUM_CONVERSION = YES;
				CLANG_WARN_INFINITE_RECURSION = YES;
				CLANG_WARN_INT_CONVERSION = YES;
				CLANG_WARN_NON_LITERAL_NULL_CONVERSION = YES;
				CLANG_WARN_OBJC_IMPLICIT_RETAIN_SELF = YES;
				CLANG_WARN_OBJC_LITERAL_CONVERSION = YES;
				CLANG_WARN_OBJC_ROOT_CLASS = YES_ERROR;
				CLANG_WARN_RANGE_LOOP_ANALYSIS = YES;
				CLANG_WARN_STRICT_PROTOTYPES = YES;
				CLANG_WARN_SUSPICIOUS_MOVE = YES;
				CLANG_WARN_UNGUARDED_AVAILABILITY = YES_AGGRESSIVE;
				CLANG_WARN_UNREACHABLE_CODE = YES;
				CLANG_WARN__DUPLICATE_METHOD_MATCH = YES;
				COPY_PHASE_STRIP = NO;
				DEBUG_INFORMATION_FORMAT = "dwarf-with-dsym";
				ENABLE_NS_ASSERTIONS = NO;
				ENABLE_STRICT_OBJC_MSGSEND = YES;
				GCC_C_LANGUAGE_STANDARD = gnu11;
				GCC_NO_COMMON_BLOCKS = YES;
				GCC_WARN_64_TO_32_BIT_CONVERSION = YES;
				GCC_WARN_ABOUT_RETURN_TYPE = YES_ERROR;
				GCC_WARN_UNDECLARED_SELECTOR = YES;
				GCC_WARN_UNINITIALIZED_AUTOS = YES_AGGRESSIVE;
				GCC_WARN_UNUSED_FUNCTION = YES;
				GCC_WARN_UNUSED_VARIABLE = YES;
				IPHONEOS_DEPLOYMENT_TARGET = 13.4;
				MTL_ENABLE_DEBUG_INFO = NO;
				MTL_FAST_MATH = YES;
				SDKROOT = iphoneos;
				SWIFT_COMPILATION_MODE = wholemodule;
				SWIFT_OPTIMIZATION_LEVEL = "-O";
				VALIDATE_PRODUCT = YES;
			};
			name = Release;
		};
		356A513E28929C30007D769F /* Debug */ = {
			isa = XCBuildConfiguration;
			baseConfigurationReference = 686FE049476773AA9E2B68C8 /* Pods-projrct.debug.xcconfig */;
			buildSettings = {
				ASSETCATALOG_COMPILER_APPICON_NAME = AppIcon;
				CODE_SIGN_ENTITLEMENTS = projrct/projrct.entitlements;
				CODE_SIGN_STYLE = Automatic;
				DEVELOPMENT_TEAM = J9MX62CCNB;
				INFOPLIST_FILE = projrct/Info.plist;
				IPHONEOS_DEPLOYMENT_TARGET = 13.1;
				LD_RUNPATH_SEARCH_PATHS = (
					"$(inherited)",
					"@executable_path/Frameworks",
				);
				PRODUCT_BUNDLE_IDENTIFIER = com.MarTeam.projrct;
				PRODUCT_NAME = "$(TARGET_NAME)";
				SWIFT_VERSION = 5.0;
				TARGETED_DEVICE_FAMILY = "1,2";
			};
			name = Debug;
		};
		356A513F28929C30007D769F /* Release */ = {
			isa = XCBuildConfiguration;
			baseConfigurationReference = 6C2702538E6B5480BC73A89A /* Pods-projrct.release.xcconfig */;
			buildSettings = {
				ASSETCATALOG_COMPILER_APPICON_NAME = AppIcon;
				CODE_SIGN_ENTITLEMENTS = projrct/projrct.entitlements;
				CODE_SIGN_STYLE = Automatic;
				DEVELOPMENT_TEAM = J9MX62CCNB;
				INFOPLIST_FILE = projrct/Info.plist;
				IPHONEOS_DEPLOYMENT_TARGET = 13.1;
				LD_RUNPATH_SEARCH_PATHS = (
					"$(inherited)",
					"@executable_path/Frameworks",
				);
				PRODUCT_BUNDLE_IDENTIFIER = com.MarTeam.projrct;
				PRODUCT_NAME = "$(TARGET_NAME)";
				SWIFT_VERSION = 5.0;
				TARGETED_DEVICE_FAMILY = "1,2";
			};
			name = Release;
		};
/* End XCBuildConfiguration section */

/* Begin XCConfigurationList section */
		356A512428929C2E007D769F /* Build configuration list for PBXProject "projrct" */ = {
			isa = XCConfigurationList;
			buildConfigurations = (
				356A513B28929C30007D769F /* Debug */,
				356A513C28929C30007D769F /* Release */,
			);
			defaultConfigurationIsVisible = 0;
			defaultConfigurationName = Release;
		};
		356A513D28929C30007D769F /* Build configuration list for PBXNativeTarget "projrct" */ = {
			isa = XCConfigurationList;
			buildConfigurations = (
				356A513E28929C30007D769F /* Debug */,
				356A513F28929C30007D769F /* Release */,
			);
			defaultConfigurationIsVisible = 0;
			defaultConfigurationName = Release;
		};
/* End XCConfigurationList section */
	};
	rootObject = 356A512128929C2E007D769F /* Project object */;
}
